
Microsoft Visual Studio Solution File, Format Version 12.00
# Visual Studio Version 17
VisualStudioVersion = 17.11.35327.3
MinimumVisualStudioVersion = 10.0.40219.1
Project("{9A19103F-16F7-4668-BE54-9A1E7A4F7556}") = "TimerDelay", "TimerDelay\TimerDelay.csproj", "{BA94DBFB-6789-4B42-A185-1107CD711C2F}"
EndProject
Project("{FAE04EC0-301F-11D3-BF4B-00C04F79EFBC}") = "TaskLoop", "TaskLoop\TaskLoop.csproj", "{B3586591-1E46-43DC-8848-80E1F21AE9AC}"
EndProject
Project("{FAE04EC0-301F-11D3-BF4B-00C04F79EFBC}") = "Continuation", "Continuation\Continuation.csproj", "{7221F9F7-25E7-4EFB-AC95-0BBED9E42BD6}"
EndProject
Global
	GlobalSection(SolutionConfigurationPlatforms) = preSolution
		Debug|Any CPU = Debug|Any CPU
		Release|Any CPU = Release|Any CPU
	EndGlobalSection
	GlobalSection(ProjectConfigurationPlatforms) = postSolution
		{BA94DBFB-6789-4B42-A185-1107CD711C2F}.Debug|Any CPU.ActiveCfg = Debug|Any CPU
		{BA94DBFB-6789-4B42-A185-1107CD711C2F}.Debug|Any CPU.Build.0 = Debug|Any CPU
		{BA94DBFB-6789-4B42-A185-1107CD711C2F}.Release|Any CPU.ActiveCfg = Release|Any CPU
		{BA94DBFB-6789-4B42-A185-1107CD711C2F}.Release|Any CPU.Build.0 = Release|Any CPU
		{B3586591-1E46-43DC-8848-80E1F21AE9AC}.Debug|Any CPU.ActiveCfg = Debug|Any CPU
		{B3586591-1E46-43DC-8848-80E1F21AE9AC}.Debug|Any CPU.Build.0 = Debug|Any CPU
		{B3586591-1E46-43DC-8848-80E1F21AE9AC}.Release|Any CPU.ActiveCfg = Release|Any CPU
		{B3586591-1E46-43DC-8848-80E1F21AE9AC}.Release|Any CPU.Build.0 = Release|Any CPU
		{7221F9F7-25E7-4EFB-AC95-0BBED9E42BD6}.Debug|Any CPU.ActiveCfg = Debug|Any CPU
		{7221F9F7-25E7-4EFB-AC95-0BBED9E42BD6}.Debug|Any CPU.Build.0 = Debug|Any CPU
		{7221F9F7-25E7-4EFB-AC95-0BBED9E42BD6}.Release|Any CPU.ActiveCfg = Release|Any CPU
		{7221F9F7-25E7-4EFB-AC95-0BBED9E42BD6}.Release|Any CPU.Build.0 = Release|Any CPU
	EndGlobalSection
	GlobalSection(SolutionProperties) = preSolution
		HideSolutionNode = FALSE
	EndGlobalSection
	GlobalSection(ExtensibilityGlobals) = postSolution
		SolutionGuid = {69464B3A-1627-4208-8035-C2BDBC1CC28B}
	EndGlobalSection
EndGlobal
